
Microsoft Visual Studio Solution File, Format Version 12.00
# Visual Studio Version 16
VisualStudioVersion = 16.0.31702.278
MinimumVisualStudioVersion = 10.0.40219.1
Project("{8BC9CEB8-8B4A-11D0-8D11-00A0C91BC942}") = "VSProject", "VSProject\VSProject.vcxproj", "{9B0D31E4-F53F-4C57-B549-D70B188B4AE5}"
EndProject
Project("{2150E333-8FDC-42A3-9474-1A3956D46DE8}") = "SDL", "SDL", "{EF618681-199D-4DDD-A99F-5578356E530E}"
	ProjectSection(SolutionItems) = preProject
		..\..\..\..\..\OneDrive\Bureau\ESIEE\unité_2ere_année\INf-4102A Générisité et C++\Project_SDL_Part1_base\Project_SDL_Part1_base\SDL2_image\lib\x64\libjpeg-9.dll = ..\..\..\..\..\OneDrive\Bureau\ESIEE\unité_2ere_année\INf-4102A Générisité et C++\Project_SDL_Part1_base\Project_SDL_Part1_base\SDL2_image\lib\x64\libjpeg-9.dll
		..\..\..\..\..\OneDrive\Bureau\ESIEE\unité_2ere_année\INf-4102A Générisité et C++\Project_SDL_Part1_base\Project_SDL_Part1_base\SDL2_image\lib\x64\libpng16-16.dll = ..\..\..\..\..\OneDrive\Bureau\ESIEE\unité_2ere_année\INf-4102A Générisité et C++\Project_SDL_Part1_base\Project_SDL_Part1_base\SDL2_image\lib\x64\libpng16-16.dll
		..\..\..\..\..\OneDrive\Bureau\ESIEE\unité_2ere_année\INf-4102A Générisité et C++\Project_SDL_Part1_base\Project_SDL_Part1_base\SDL2_image\lib\x64\libtiff-5.dll = ..\..\..\..\..\OneDrive\Bureau\ESIEE\unité_2ere_année\INf-4102A Générisité et C++\Project_SDL_Part1_base\Project_SDL_Part1_base\SDL2_image\lib\x64\libtiff-5.dll
		..\..\..\..\..\OneDrive\Bureau\ESIEE\unité_2ere_année\INf-4102A Générisité et C++\Project_SDL_Part1_base\Project_SDL_Part1_base\SDL2_image\lib\x64\libwebp-7.dll = ..\..\..\..\..\OneDrive\Bureau\ESIEE\unité_2ere_année\INf-4102A Générisité et C++\Project_SDL_Part1_base\Project_SDL_Part1_base\SDL2_image\lib\x64\libwebp-7.dll
		..\..\..\..\..\OneDrive\Bureau\ESIEE\unité_2ere_année\INf-4102A Générisité et C++\Project_SDL_Part1_base\Project_SDL_Part1_base\SDL2_image\lib\x64\LICENSE.jpeg.txt = ..\..\..\..\..\OneDrive\Bureau\ESIEE\unité_2ere_année\INf-4102A Générisité et C++\Project_SDL_Part1_base\Project_SDL_Part1_base\SDL2_image\lib\x64\LICENSE.jpeg.txt
		..\..\..\..\..\OneDrive\Bureau\ESIEE\unité_2ere_année\INf-4102A Générisité et C++\Project_SDL_Part1_base\Project_SDL_Part1_base\SDL2_image\lib\x64\LICENSE.png.txt = ..\..\..\..\..\OneDrive\Bureau\ESIEE\unité_2ere_année\INf-4102A Générisité et C++\Project_SDL_Part1_base\Project_SDL_Part1_base\SDL2_image\lib\x64\LICENSE.png.txt
		..\..\..\..\..\OneDrive\Bureau\ESIEE\unité_2ere_année\INf-4102A Générisité et C++\Project_SDL_Part1_base\Project_SDL_Part1_base\SDL2_image\lib\x64\LICENSE.tiff.txt = ..\..\..\..\..\OneDrive\Bureau\ESIEE\unité_2ere_année\INf-4102A Générisité et C++\Project_SDL_Part1_base\Project_SDL_Part1_base\SDL2_image\lib\x64\LICENSE.tiff.txt
		..\..\..\..\..\OneDrive\Bureau\ESIEE\unité_2ere_année\INf-4102A Générisité et C++\Project_SDL_Part1_base\Project_SDL_Part1_base\SDL2_image\lib\x64\LICENSE.webp.txt = ..\..\..\..\..\OneDrive\Bureau\ESIEE\unité_2ere_année\INf-4102A Générisité et C++\Project_SDL_Part1_base\Project_SDL_Part1_base\SDL2_image\lib\x64\LICENSE.webp.txt
		..\..\..\..\..\OneDrive\Bureau\ESIEE\unité_2ere_année\INf-4102A Générisité et C++\Project_SDL_Part1_base\Project_SDL_Part1_base\SDL2_image\lib\x64\LICENSE.zlib.txt = ..\..\..\..\..\OneDrive\Bureau\ESIEE\unité_2ere_année\INf-4102A Générisité et C++\Project_SDL_Part1_base\Project_SDL_Part1_base\SDL2_image\lib\x64\LICENSE.zlib.txt
		..\..\..\..\..\OneDrive\Bureau\ESIEE\unité_2ere_année\INf-4102A Générisité et C++\Project_SDL_Part1_base\Project_SDL_Part1_base\SDL2\lib\x64\SDL2.dll = ..\..\..\..\..\OneDrive\Bureau\ESIEE\unité_2ere_année\INf-4102A Générisité et C++\Project_SDL_Part1_base\Project_SDL_Part1_base\SDL2\lib\x64\SDL2.dll
		..\..\..\..\..\OneDrive\Bureau\ESIEE\unité_2ere_année\INf-4102A Générisité et C++\Project_SDL_Part1_base\Project_SDL_Part1_base\SDL2\lib\x64\SDL2.lib = ..\..\..\..\..\OneDrive\Bureau\ESIEE\unité_2ere_année\INf-4102A Générisité et C++\Project_SDL_Part1_base\Project_SDL_Part1_base\SDL2\lib\x64\SDL2.lib
		..\..\..\..\..\OneDrive\Bureau\ESIEE\unité_2ere_année\INf-4102A Générisité et C++\Project_SDL_Part1_base\Project_SDL_Part1_base\SDL2_image\lib\x64\SDL2_image.dll = ..\..\..\..\..\OneDrive\Bureau\ESIEE\unité_2ere_année\INf-4102A Générisité et C++\Project_SDL_Part1_base\Project_SDL_Part1_base\SDL2_image\lib\x64\SDL2_image.dll
		..\..\..\..\..\OneDrive\Bureau\ESIEE\unité_2ere_année\INf-4102A Générisité et C++\Project_SDL_Part1_base\Project_SDL_Part1_base\SDL2_image\lib\x64\SDL2_image.lib = ..\..\..\..\..\OneDrive\Bureau\ESIEE\unité_2ere_année\INf-4102A Générisité et C++\Project_SDL_Part1_base\Project_SDL_Part1_base\SDL2_image\lib\x64\SDL2_image.lib
		..\..\..\..\..\OneDrive\Bureau\ESIEE\unité_2ere_année\INf-4102A Générisité et C++\Project_SDL_Part1_base\Project_SDL_Part1_base\SDL2\lib\x64\SDL2main.lib = ..\..\..\..\..\OneDrive\Bureau\ESIEE\unité_2ere_année\INf-4102A Générisité et C++\Project_SDL_Part1_base\Project_SDL_Part1_base\SDL2\lib\x64\SDL2main.lib
		..\..\..\..\..\OneDrive\Bureau\ESIEE\unité_2ere_année\INf-4102A Générisité et C++\Project_SDL_Part1_base\Project_SDL_Part1_base\SDL2\lib\x64\SDL2test.lib = ..\..\..\..\..\OneDrive\Bureau\ESIEE\unité_2ere_année\INf-4102A Générisité et C++\Project_SDL_Part1_base\Project_SDL_Part1_base\SDL2\lib\x64\SDL2test.lib
		..\..\..\..\..\OneDrive\Bureau\ESIEE\unité_2ere_année\INf-4102A Générisité et C++\Project_SDL_Part1_base\Project_SDL_Part1_base\SDL2_image\lib\x64\zlib1.dll = ..\..\..\..\..\OneDrive\Bureau\ESIEE\unité_2ere_année\INf-4102A Générisité et C++\Project_SDL_Part1_base\Project_SDL_Part1_base\SDL2_image\lib\x64\zlib1.dll
	EndProjectSection
EndProject
Global
	GlobalSection(SolutionConfigurationPlatforms) = preSolution
		Debug|x64 = Debug|x64
		Debug|x86 = Debug|x86
		Release|x64 = Release|x64
		Release|x86 = Release|x86
	EndGlobalSection
	GlobalSection(ProjectConfigurationPlatforms) = postSolution
		{9B0D31E4-F53F-4C57-B549-D70B188B4AE5}.Debug|x64.ActiveCfg = Debug|x64
		{9B0D31E4-F53F-4C57-B549-D70B188B4AE5}.Debug|x64.Build.0 = Debug|x64
		{9B0D31E4-F53F-4C57-B549-D70B188B4AE5}.Debug|x86.ActiveCfg = Debug|Win32
		{9B0D31E4-F53F-4C57-B549-D70B188B4AE5}.Debug|x86.Build.0 = Debug|Win32
		{9B0D31E4-F53F-4C57-B549-D70B188B4AE5}.Release|x64.ActiveCfg = Release|x64
		{9B0D31E4-F53F-4C57-B549-D70B188B4AE5}.Release|x64.Build.0 = Release|x64
		{9B0D31E4-F53F-4C57-B549-D70B188B4AE5}.Release|x86.ActiveCfg = Release|Win32
		{9B0D31E4-F53F-4C57-B549-D70B188B4AE5}.Release|x86.Build.0 = Release|Win32
	EndGlobalSection
	GlobalSection(SolutionProperties) = preSolution
		HideSolutionNode = FALSE
	EndGlobalSection
	GlobalSection(ExtensibilityGlobals) = postSolution
		SolutionGuid = {72CAC3D2-8C33-49D5-8C3E-6D4995013459}
	EndGlobalSection
EndGlobal
